
Microsoft Visual Studio Solution File, Format Version 12.00
# Visual Studio Version 17
VisualStudioVersion = 17.2.32526.322
MinimumVisualStudioVersion = 10.0.40219.1
Project("{FAE04EC0-301F-11D3-BF4B-00C04F79EFBC}") = "Portfolio", "Portfolio\Portfolio.csproj", "{53301D59-674A-4AA4-A991-8F880A778736}"
EndProject
Global
	GlobalSection(SolutionConfigurationPlatforms) = preSolution
		Debug|Any CPU = Debug|Any CPU
		Release|Any CPU = Release|Any CPU
	EndGlobalSection
	GlobalSection(ProjectConfigurationPlatforms) = postSolution
		{53301D59-674A-4AA4-A991-8F880A778736}.Debug|Any CPU.ActiveCfg = Debug|Any CPU
		{53301D59-674A-4AA4-A991-8F880A778736}.Debug|Any CPU.Build.0 = Debug|Any CPU
		{53301D59-674A-4AA4-A991-8F880A778736}.Release|Any CPU.ActiveCfg = Release|Any CPU
		{53301D59-674A-4AA4-A991-8F880A778736}.Release|Any CPU.Build.0 = Release|Any CPU
	EndGlobalSection
	GlobalSection(SolutionProperties) = preSolution
		HideSolutionNode = FALSE
	EndGlobalSection
	GlobalSection(ExtensibilityGlobals) = postSolution
		SolutionGuid = {66D6E2F5-F5E2-4123-9D4E-7033A0A5E58A}
	EndGlobalSection
EndGlobal
